
Microsoft Visual Studio Solution File, Format Version 12.00
# Visual Studio Version 17
VisualStudioVersion = 17.13.35825.156 d17.13
MinimumVisualStudioVersion = 10.0.40219.1
Project("{FAE04EC0-301F-11D3-BF4B-00C04F79EFBC}") = "API.shared", "API.shared\API.shared.csproj", "{019AF6FE-FF28-4960-9420-B94DF07A3BE7}"
EndProject
Project("{FAE04EC0-301F-11D3-BF4B-00C04F79EFBC}") = "ITM.API", "ITM.API\ITM.API.csproj", "{19AF1508-6AB8-4E9F-9A14-F589225606B8}"
EndProject
Global
	GlobalSection(SolutionConfigurationPlatforms) = preSolution
		Debug|Any CPU = Debug|Any CPU
		Release|Any CPU = Release|Any CPU
	EndGlobalSection
	GlobalSection(ProjectConfigurationPlatforms) = postSolution
		{019AF6FE-FF28-4960-9420-B94DF07A3BE7}.Debug|Any CPU.ActiveCfg = Debug|Any CPU
		{019AF6FE-FF28-4960-9420-B94DF07A3BE7}.Debug|Any CPU.Build.0 = Debug|Any CPU
		{019AF6FE-FF28-4960-9420-B94DF07A3BE7}.Release|Any CPU.ActiveCfg = Release|Any CPU
		{019AF6FE-FF28-4960-9420-B94DF07A3BE7}.Release|Any CPU.Build.0 = Release|Any CPU
		{19AF1508-6AB8-4E9F-9A14-F589225606B8}.Debug|Any CPU.ActiveCfg = Debug|Any CPU
		{19AF1508-6AB8-4E9F-9A14-F589225606B8}.Debug|Any CPU.Build.0 = Debug|Any CPU
		{19AF1508-6AB8-4E9F-9A14-F589225606B8}.Release|Any CPU.ActiveCfg = Release|Any CPU
		{19AF1508-6AB8-4E9F-9A14-F589225606B8}.Release|Any CPU.Build.0 = Release|Any CPU
	EndGlobalSection
	GlobalSection(SolutionProperties) = preSolution
		HideSolutionNode = FALSE
	EndGlobalSection
	GlobalSection(ExtensibilityGlobals) = postSolution
		SolutionGuid = {E48123BC-66F8-4574-8996-3FE54BEBAF5F}
	EndGlobalSection
EndGlobal
